
Microsoft Visual Studio Solution File, Format Version 12.00
# Visual Studio Version 17
VisualStudioVersion = 17.9.34701.34
MinimumVisualStudioVersion = 10.0.40219.1
Project("{9A19103F-16F7-4668-BE54-9A1E7A4F7556}") = "BackPack.APIGateway", "BackPack.APIGateway\BackPack.APIGateway.csproj", "{F9408590-3C17-4014-9709-402336364017}"
EndProject
Project("{9A19103F-16F7-4668-BE54-9A1E7A4F7556}") = "BackPack.Tenant.Library", "BackPack.Tenant.Library\BackPack.Tenant.Library.csproj", "{D33C4C9F-5FFF-4CEA-A129-1AC72C3987DF}"
EndProject
Project("{9A19103F-16F7-4668-BE54-9A1E7A4F7556}") = "BackPack.Tenant.WebAPI", "BackPack.Tenant.WebAPI\BackPack.Tenant.WebAPI.csproj", "{C836681D-6AC1-432D-A838-6942A77A13F7}"
EndProject
Project("{9A19103F-16F7-4668-BE54-9A1E7A4F7556}") = "BackPack.Dependency.Library", "BackPack.Dependency.Library\BackPack.Dependency.Library.csproj", "{90AA6569-9ACB-4A35-B4E7-A13401D13728}"
EndProject
Project("{9A19103F-16F7-4668-BE54-9A1E7A4F7556}") = "BackPack.MessageContract.Library", "BackPack.MessageContract.Library\BackPack.MessageContract.Library.csproj", "{7CE7DA21-56CC-4E49-B514-26A4AC8C11C8}"
EndProject
Project("{9A19103F-16F7-4668-BE54-9A1E7A4F7556}") = "BackPack.Library", "BackPack.Library\BackPack.Library.csproj", "{4E6F592C-31D7-4D1B-A179-477682FBD8ED}"
EndProject
Project("{9A19103F-16F7-4668-BE54-9A1E7A4F7556}") = "BackPack.WebAPI", "BackPack.WebAPI\BackPack.WebAPI.csproj", "{4779C12A-AEC4-477A-9800-AC73B2938375}"
EndProject
Global
	GlobalSection(SolutionConfigurationPlatforms) = preSolution
		Debug|Any CPU = Debug|Any CPU
		Release|Any CPU = Release|Any CPU
	EndGlobalSection
	GlobalSection(ProjectConfigurationPlatforms) = postSolution
		{F9408590-3C17-4014-9709-402336364017}.Debug|Any CPU.ActiveCfg = Debug|Any CPU
		{F9408590-3C17-4014-9709-402336364017}.Debug|Any CPU.Build.0 = Debug|Any CPU
		{F9408590-3C17-4014-9709-402336364017}.Release|Any CPU.ActiveCfg = Release|Any CPU
		{F9408590-3C17-4014-9709-402336364017}.Release|Any CPU.Build.0 = Release|Any CPU
		{D33C4C9F-5FFF-4CEA-A129-1AC72C3987DF}.Debug|Any CPU.ActiveCfg = Debug|Any CPU
		{D33C4C9F-5FFF-4CEA-A129-1AC72C3987DF}.Debug|Any CPU.Build.0 = Debug|Any CPU
		{D33C4C9F-5FFF-4CEA-A129-1AC72C3987DF}.Release|Any CPU.ActiveCfg = Release|Any CPU
		{D33C4C9F-5FFF-4CEA-A129-1AC72C3987DF}.Release|Any CPU.Build.0 = Release|Any CPU
		{C836681D-6AC1-432D-A838-6942A77A13F7}.Debug|Any CPU.ActiveCfg = Debug|Any CPU
		{C836681D-6AC1-432D-A838-6942A77A13F7}.Debug|Any CPU.Build.0 = Debug|Any CPU
		{C836681D-6AC1-432D-A838-6942A77A13F7}.Release|Any CPU.ActiveCfg = Release|Any CPU
		{C836681D-6AC1-432D-A838-6942A77A13F7}.Release|Any CPU.Build.0 = Release|Any CPU
		{90AA6569-9ACB-4A35-B4E7-A13401D13728}.Debug|Any CPU.ActiveCfg = Debug|Any CPU
		{90AA6569-9ACB-4A35-B4E7-A13401D13728}.Debug|Any CPU.Build.0 = Debug|Any CPU
		{90AA6569-9ACB-4A35-B4E7-A13401D13728}.Release|Any CPU.ActiveCfg = Release|Any CPU
		{90AA6569-9ACB-4A35-B4E7-A13401D13728}.Release|Any CPU.Build.0 = Release|Any CPU
		{7CE7DA21-56CC-4E49-B514-26A4AC8C11C8}.Debug|Any CPU.ActiveCfg = Debug|Any CPU
		{7CE7DA21-56CC-4E49-B514-26A4AC8C11C8}.Debug|Any CPU.Build.0 = Debug|Any CPU
		{7CE7DA21-56CC-4E49-B514-26A4AC8C11C8}.Release|Any CPU.ActiveCfg = Release|Any CPU
		{7CE7DA21-56CC-4E49-B514-26A4AC8C11C8}.Release|Any CPU.Build.0 = Release|Any CPU
		{4E6F592C-31D7-4D1B-A179-477682FBD8ED}.Debug|Any CPU.ActiveCfg = Debug|Any CPU
		{4E6F592C-31D7-4D1B-A179-477682FBD8ED}.Debug|Any CPU.Build.0 = Debug|Any CPU
		{4E6F592C-31D7-4D1B-A179-477682FBD8ED}.Release|Any CPU.ActiveCfg = Release|Any CPU
		{4E6F592C-31D7-4D1B-A179-477682FBD8ED}.Release|Any CPU.Build.0 = Release|Any CPU
		{4779C12A-AEC4-477A-9800-AC73B2938375}.Debug|Any CPU.ActiveCfg = Debug|Any CPU
		{4779C12A-AEC4-477A-9800-AC73B2938375}.Debug|Any CPU.Build.0 = Debug|Any CPU
		{4779C12A-AEC4-477A-9800-AC73B2938375}.Release|Any CPU.ActiveCfg = Release|Any CPU
		{4779C12A-AEC4-477A-9800-AC73B2938375}.Release|Any CPU.Build.0 = Release|Any CPU
	EndGlobalSection
	GlobalSection(SolutionProperties) = preSolution
		HideSolutionNode = FALSE
	EndGlobalSection
	GlobalSection(ExtensibilityGlobals) = postSolution
		SolutionGuid = {A85A591B-E5E4-411E-889D-7EC3F05F4300}
	EndGlobalSection
EndGlobal
